// !$*UTF8*$!
{
	archiveVersion = 1;
	classes = {
	};
	objectVersion = 46;
	objects = {

/* Begin PBXBuildFile section */
		EC97F0AA1A7168FA003B9BB9 /* Observer.cpp in Sources */ = {isa = PBXBuildFile; fileRef = EC97F0A91A7168FA003B9BB9 /* Observer.cpp */; };
		ECE6965A1A7129DD00B31D79 /* main.cpp in Sources */ = {isa = PBXBuildFile; fileRef = ECE696591A7129DD00B31D79 /* main.cpp */; };
		ECE696671A712EA400B31D79 /* Subject.cpp in Sources */ = {isa = PBXBuildFile; fileRef = ECE696661A712EA400B31D79 /* Subject.cpp */; };
/* End PBXBuildFile section */

/* Begin PBXCopyFilesBuildPhase section */
		ECE696541A7129DD00B31D79 /* CopyFiles */ = {
			isa = PBXCopyFilesBuildPhase;
			buildActionMask = 2147483647;
			dstPath = /usr/share/man/man1/;
			dstSubfolderSpec = 0;
			files = (
			);
			runOnlyForDeploymentPostprocessing = 1;
		};
/* End PBXCopyFilesBuildPhase section */

/* Begin PBXFileReference section */
		EC97F0A91A7168FA003B9BB9 /* Observer.cpp */ = {isa = PBXFileReference; fileEncoding = 4; lastKnownFileType = sourcecode.cpp.cpp; path = Observer.cpp; sourceTree = "<group>"; };
		ECE696561A7129DD00B31D79 /* Observer_Pattern */ = {isa = PBXFileReference; explicitFileType = "compiled.mach-o.executable"; includeInIndex = 0; path = Observer_Pattern; sourceTree = BUILT_PRODUCTS_DIR; };
		ECE696591A7129DD00B31D79 /* main.cpp */ = {isa = PBXFileReference; lastKnownFileType = sourcecode.cpp.cpp; path = main.cpp; sourceTree = "<group>"; };
		ECE696611A712A0600B31D79 /* Observer.h */ = {isa = PBXFileReference; fileEncoding = 4; lastKnownFileType = sourcecode.c.h; path = Observer.h; sourceTree = "<group>"; };
		ECE696641A712B1F00B31D79 /* Subject.h */ = {isa = PBXFileReference; fileEncoding = 4; lastKnownFileType = sourcecode.c.h; path = Subject.h; sourceTree = "<group>"; };
		ECE696661A712EA400B31D79 /* Subject.cpp */ = {isa = PBXFileReference; fileEncoding = 4; lastKnownFileType = sourcecode.cpp.cpp; path = Subject.cpp; sourceTree = "<group>"; };
/* End PBXFileReference section */

/* Begin PBXFrameworksBuildPhase section */
		ECE696531A7129DD00B31D79 /* Frameworks */ = {
			isa = PBXFrameworksBuildPhase;
			buildActionMask = 2147483647;
			files = (
			);
			runOnlyForDeploymentPostprocessing = 0;
		};
/* End PBXFrameworksBuildPhase section */

/* Begin PBXGroup section */
		ECE6964D1A7129DD00B31D79 = {
			isa = PBXGroup;
			children = (
				ECE696581A7129DD00B31D79 /* Observer_Pattern */,
				ECE696571A7129DD00B31D79 /* Products */,
			);
			sourceTree = "<group>";
		};
		ECE696571A7129DD00B31D79 /* Products */ = {
			isa = PBXGroup;
			children = (
				ECE696561A7129DD00B31D79 /* Observer_Pattern */,
			);
			name = Products;
			sourceTree = "<group>";
		};
		ECE696581A7129DD00B31D79 /* Observer_Pattern */ = {
			isa = PBXGroup;
			children = (
				ECE696591A7129DD00B31D79 /* main.cpp */,
				ECE696641A712B1F00B31D79 /* Subject.h */,
				ECE696661A712EA400B31D79 /* Subject.cpp */,
				ECE696611A712A0600B31D79 /* Observer.h */,
				EC97F0A91A7168FA003B9BB9 /* Observer.cpp */,
			);
			path = Observer_Pattern;
			sourceTree = "<group>";
		};
/* End PBXGroup section */

/* Begin PBXNativeTarget section */
		ECE696551A7129DD00B31D79 /* Observer_Pattern */ = {
			isa = PBXNativeTarget;
			buildConfigurationList = ECE6965D1A7129DD00B31D79 /* Build configuration list for PBXNativeTarget "Observer_Pattern" */;
			buildPhases = (
				ECE696521A7129DD00B31D79 /* Sources */,
				ECE696531A7129DD00B31D79 /* Frameworks */,
				ECE696541A7129DD00B31D79 /* CopyFiles */,
			);
			buildRules = (
			);
			dependencies = (
			);
			name = Observer_Pattern;
			productName = Observer_Pattern;
			productReference = ECE696561A7129DD00B31D79 /* Observer_Pattern */;
			productType = "com.apple.product-type.tool";
		};
/* End PBXNativeTarget section */

/* Begin PBXProject section */
		ECE6964E1A7129DD00B31D79 /* Project object */ = {
			isa = PBXProject;
			attributes = {
				LastUpgradeCheck = 0610;
				ORGANIZATIONNAME = "MAN Team";
				TargetAttributes = {
					ECE696551A7129DD00B31D79 = {
						CreatedOnToolsVersion = 6.1.1;
					};
				};
			};
			buildConfigurationList = ECE696511A7129DD00B31D79 /* Build configuration list for PBXProject "Observer_Pattern" */;
			compatibilityVersion = "Xcode 3.2";
			developmentRegion = English;
			hasScannedForEncodings = 0;
			knownRegions = (
				en,
			);
			mainGroup = ECE6964D1A7129DD00B31D79;
			productRefGroup = ECE696571A7129DD00B31D79 /* Products */;
			projectDirPath = "";
			projectRoot = "";
			targets = (
				ECE696551A7129DD00B31D79 /* Observer_Pattern */,
			);
		};
/* End PBXProject section */

/* Begin PBXSourcesBuildPhase section */
		ECE696521A7129DD00B31D79 /* Sources */ = {
			isa = PBXSourcesBuildPhase;
			buildActionMask = 2147483647;
			files = (
				ECE696671A712EA400B31D79 /* Subject.cpp in Sources */,
				EC97F0AA1A7168FA003B9BB9 /* Observer.cpp in Sources */,
				ECE6965A1A7129DD00B31D79 /* main.cpp in Sources */,
			);
			runOnlyForDeploymentPostprocessing = 0;
		};
/* End PBXSourcesBuildPhase section */

/* Begin XCBuildConfiguration section */
		ECE6965B1A7129DD00B31D79 /* Debug */ = {
			isa = XCBuildConfiguration;
			buildSettings = {
				ALWAYS_SEARCH_USER_PATHS = NO;
				CLANG_CXX_LANGUAGE_STANDARD = "gnu++0x";
				CLANG_CXX_LIBRARY = "libc++";
				CLANG_ENABLE_MODULES = YES;
				CLANG_ENABLE_OBJC_ARC = YES;
				CLANG_WARN_BOOL_CONVERSION = YES;
				CLANG_WARN_CONSTANT_CONVERSION = YES;
				CLANG_WARN_DIRECT_OBJC_ISA_USAGE = YES_ERROR;
				CLANG_WARN_EMPTY_BODY = YES;
				CLANG_WARN_ENUM_CONVERSION = YES;
				CLANG_WARN_INT_CONVERSION = YES;
				CLANG_WARN_OBJC_ROOT_CLASS = YES_ERROR;
				CLANG_WARN_UNREACHABLE_CODE = YES;
				CLANG_WARN__DUPLICATE_METHOD_MATCH = YES;
				COPY_PHASE_STRIP = NO;
				ENABLE_STRICT_OBJC_MSGSEND = YES;
				GCC_C_LANGUAGE_STANDARD = gnu99;
				GCC_DYNAMIC_NO_PIC = NO;
				GCC_OPTIMIZATION_LEVEL = 0;
				GCC_PREPROCESSOR_DEFINITIONS = (
					"DEBUG=1",
					"$(inherited)",
				);
				GCC_SYMBOLS_PRIVATE_EXTERN = NO;
				GCC_WARN_64_TO_32_BIT_CONVERSION = YES;
				GCC_WARN_ABOUT_RETURN_TYPE = YES_ERROR;
				GCC_WARN_UNDECLARED_SELECTOR = YES;
				GCC_WARN_UNINITIALIZED_AUTOS = YES_AGGRESSIVE;
				GCC_WARN_UNUSED_FUNCTION = YES;
				GCC_WARN_UNUSED_VARIABLE = YES;
				MACOSX_DEPLOYMENT_TARGET = 10.10;
				MTL_ENABLE_DEBUG_INFO = YES;
				ONLY_ACTIVE_ARCH = YES;
				SDKROOT = macosx;
			};
			name = Debug;
		};
		ECE6965C1A7129DD00B31D79 /* Release */ = {
			isa = XCBuildConfiguration;
			buildSettings = {
				ALWAYS_SEARCH_USER_PATHS = NO;
				CLANG_CXX_LANGUAGE_STANDARD = "gnu++0x";
				CLANG_CXX_LIBRARY = "libc++";
				CLANG_ENABLE_MODULES = YES;
				CLANG_ENABLE_OBJC_ARC = YES;
				CLANG_WARN_BOOL_CONVERSION = YES;
				CLANG_WARN_CONSTANT_CONVERSION = YES;
				CLANG_WARN_DIRECT_OBJC_ISA_USAGE = YES_ERROR;
				CLANG_WARN_EMPTY_BODY = YES;
				CLANG_WARN_ENUM_CONVERSION = YES;
				CLANG_WARN_INT_CONVERSION = YES;
				CLANG_WARN_OBJC_ROOT_CLASS = YES_ERROR;
				CLANG_WARN_UNREACHABLE_CODE = YES;
				CLANG_WARN__DUPLICATE_METHOD_MATCH = YES;
				COPY_PHASE_STRIP = YES;
				DEBUG_INFORMATION_FORMAT = "dwarf-with-dsym";
				ENABLE_NS_ASSERTIONS = NO;
				ENABLE_STRICT_OBJC_MSGSEND = YES;
				GCC_C_LANGUAGE_STANDARD = gnu99;
				GCC_WARN_64_TO_32_BIT_CONVERSION = YES;
				GCC_WARN_ABOUT_RETURN_TYPE = YES_ERROR;
				GCC_WARN_UNDECLARED_SELECTOR = YES;
				GCC_WARN_UNINITIALIZED_AUTOS = YES_AGGRESSIVE;
				GCC_WARN_UNUSED_FUNCTION = YES;
				GCC_WARN_UNUSED_VARIABLE = YES;
				MACOSX_DEPLOYMENT_TARGET = 10.10;
				MTL_ENABLE_DEBUG_INFO = NO;
				SDKROOT = macosx;
			};
			name = Release;
		};
		ECE6965E1A7129DD00B31D79 /* Debug */ = {
			isa = XCBuildConfiguration;
			buildSettings = {
				LINK_WITH_STANDARD_LIBRARIES = YES;
				PRODUCT_NAME = "$(TARGET_NAME)";
			};
			name = Debug;
		};
		ECE6965F1A7129DD00B31D79 /* Release */ = {
			isa = XCBuildConfiguration;
			buildSettings = {
				LINK_WITH_STANDARD_LIBRARIES = YES;
				PRODUCT_NAME = "$(TARGET_NAME)";
			};
			name = Release;
		};
/* End XCBuildConfiguration section */

/* Begin XCConfigurationList section */
		ECE696511A7129DD00B31D79 /* Build configuration list for PBXProject "Observer_Pattern" */ = {
			isa = XCConfigurationList;
			buildConfigurations = (
				ECE6965B1A7129DD00B31D79 /* Debug */,
				ECE6965C1A7129DD00B31D79 /* Release */,
			);
			defaultConfigurationIsVisible = 0;
			defaultConfigurationName = Release;
		};
		ECE6965D1A7129DD00B31D79 /* Build configuration list for PBXNativeTarget "Observer_Pattern" */ = {
			isa = XCConfigurationList;
			buildConfigurations = (
				ECE6965E1A7129DD00B31D79 /* Debug */,
				ECE6965F1A7129DD00B31D79 /* Release */,
			);
			defaultConfigurationIsVisible = 0;
			defaultConfigurationName = Release;
		};
/* End XCConfigurationList section */
	};
	rootObject = ECE6964E1A7129DD00B31D79 /* Project object */;
}
